
Microsoft Visual Studio Solution File, Format Version 12.00
# Visual Studio Version 17
VisualStudioVersion = 17.1.32210.238
MinimumVisualStudioVersion = 10.0.40219.1
Project("{FAE04EC0-301F-11D3-BF4B-00C04F79EFBC}") = "WebRedirect", "WebRedirect.csproj", "{FEE3CC0B-F1F5-49C7-9FDA-A7E96EB217C0}"
EndProject
Global
	GlobalSection(SolutionConfigurationPlatforms) = preSolution
		Debug|Any CPU = Debug|Any CPU
		Release|Any CPU = Release|Any CPU
	EndGlobalSection
	GlobalSection(ProjectConfigurationPlatforms) = postSolution
		{FEE3CC0B-F1F5-49C7-9FDA-A7E96EB217C0}.Debug|Any CPU.ActiveCfg = Debug|Any CPU
		{FEE3CC0B-F1F5-49C7-9FDA-A7E96EB217C0}.Debug|Any CPU.Build.0 = Debug|Any CPU
		{FEE3CC0B-F1F5-49C7-9FDA-A7E96EB217C0}.Release|Any CPU.ActiveCfg = Release|Any CPU
		{FEE3CC0B-F1F5-49C7-9FDA-A7E96EB217C0}.Release|Any CPU.Build.0 = Release|Any CPU
	EndGlobalSection
	GlobalSection(SolutionProperties) = preSolution
		HideSolutionNode = FALSE
	EndGlobalSection
	GlobalSection(ExtensibilityGlobals) = postSolution
		SolutionGuid = {03E2ADF8-D4D8-4C50-9AEE-FB01EA642131}
	EndGlobalSection
EndGlobal
